
Microsoft Visual Studio Solution File, Format Version 12.00
# Visual Studio Version 17
VisualStudioVersion = 17.5.33516.290
MinimumVisualStudioVersion = 10.0.40219.1
Project("{2150E333-8FDC-42A3-9474-1A3956D46DE8}") = "Common", "Common", "{2F389747-157E-475D-8ED5-E5459FC12491}"
EndProject
Project("{FAE04EC0-301F-11D3-BF4B-00C04F79EFBC}") = "Common", "Common\Common.csproj", "{CC905ED6-CEE8-4F6B-9BAD-390924C1A159}"
EndProject
Project("{FAE04EC0-301F-11D3-BF4B-00C04F79EFBC}") = "StoreProducts.Core", "StoreProducts.Core\StoreProducts.Core.csproj", "{DF86ABBA-014A-498D-84B2-8070B1802218}"
EndProject
Global
	GlobalSection(SolutionConfigurationPlatforms) = preSolution
		Debug|Any CPU = Debug|Any CPU
		Release|Any CPU = Release|Any CPU
	EndGlobalSection
	GlobalSection(ProjectConfigurationPlatforms) = postSolution
		{CC905ED6-CEE8-4F6B-9BAD-390924C1A159}.Debug|Any CPU.ActiveCfg = Debug|Any CPU
		{CC905ED6-CEE8-4F6B-9BAD-390924C1A159}.Debug|Any CPU.Build.0 = Debug|Any CPU
		{CC905ED6-CEE8-4F6B-9BAD-390924C1A159}.Release|Any CPU.ActiveCfg = Release|Any CPU
		{CC905ED6-CEE8-4F6B-9BAD-390924C1A159}.Release|Any CPU.Build.0 = Release|Any CPU
		{DF86ABBA-014A-498D-84B2-8070B1802218}.Debug|Any CPU.ActiveCfg = Debug|Any CPU
		{DF86ABBA-014A-498D-84B2-8070B1802218}.Debug|Any CPU.Build.0 = Debug|Any CPU
		{DF86ABBA-014A-498D-84B2-8070B1802218}.Release|Any CPU.ActiveCfg = Release|Any CPU
		{DF86ABBA-014A-498D-84B2-8070B1802218}.Release|Any CPU.Build.0 = Release|Any CPU
	EndGlobalSection
	GlobalSection(SolutionProperties) = preSolution
		HideSolutionNode = FALSE
	EndGlobalSection
	GlobalSection(NestedProjects) = preSolution
		{CC905ED6-CEE8-4F6B-9BAD-390924C1A159} = {2F389747-157E-475D-8ED5-E5459FC12491}
	EndGlobalSection
	GlobalSection(ExtensibilityGlobals) = postSolution
		SolutionGuid = {8AFAC876-0DF6-49C4-BB7E-63496162479C}
	EndGlobalSection
EndGlobal
